PODS:
  - AFNetworking (3.2.0):
    - AFNetworking/NSURLSession (= 3.2.0)
    - AFNetworking/Reachability (= 3.2.0)
    - AFNetworking/Security (= 3.2.0)
    - AFNetworking/Serialization (= 3.2.0)
    - AFNetworking/UIKit (= 3.2.0)
  - AFNetworking/NSURLSession (3.2.0):
    - AFNetworking/Reachability
    - AFNetworking/Security
    - AFNetworking/Serialization
  - AFNetworking/Reachability (3.2.0)
  - AFNetworking/Security (3.2.0)
  - AFNetworking/Serialization (3.2.0)
  - AFNetworking/UIKit (3.2.0):
    - AFNetworking/NSURLSession
  - FLAnimatedImage (1.0.12)
  - GKCover (2.5.0)
  - GKNavigationBarViewController (2.0.3)
  - Masonry (1.1.0)
  - SDWebImage/Core (4.3.3)
  - SDWebImage/GIF (4.3.3):
    - FLAnimatedImage (~> 1.0)
    - SDWebImage/Core

DEPENDENCIES:
  - AFNetworking
  - GKCover
  - GKNavigationBarViewController
  - Masonry
  - SDWebImage/GIF

SPEC REPOS:
  https://github.com/CocoaPods/Specs.git:
    - AFNetworking
    - FLAnimatedImage
    - GKCover
    - GKNavigationBarViewController
    - Masonry
    - SDWebImage

SPEC CHECKSUMS:
  AFNetworking: 8ac6017b94ea105479f7776e5288e48ae9c59bb4
  FLAnimatedImage: 4a0b56255d9b05f18b6dd7ee06871be5d3b89e31
  GKCover: 620d3c909f5075d500221bb20cb7658fbc18707f
  GKNavigationBarViewController: 0697bd20b687ce437d29be6a9a3a5b8e3ae5e19e
  Masonry: 678fab65091a9290e40e2832a55e7ab731aad201
  SDWebImage: de4d90b5bff3571eae7bd16202b1f43135409fa5

PODFILE CHECKSUM: e817d4ca024e277b097c8fc8ab135e22f1c585d0

COCOAPODS: 1.5.0
