// !$*UTF8*$!
{
	archiveVersion = 1;
	classes = {
	};
	objectVersion = 50;
	objects = {

/* Begin PBXBuildFile section */
		713D1FF427FC7CC8BDCE8BCF /* Pods_SZPhotoVideoBrowserDemo.framework in Frameworks */ = {isa = PBXBuildFile; fileRef = A7BE02B8999FD10C823935DE /* Pods_SZPhotoVideoBrowserDemo.framework */; };
		B52A185120EF5A5800D23F84 /* GKLoadingView.m in Sources */ = {isa = PBXBuildFile; fileRef = B52A183220EF5A5800D23F84 /* GKLoadingView.m */; };
		B52A185220EF5A5800D23F84 /* GKPhoto.m in Sources */ = {isa = PBXBuildFile; fileRef = B52A183420EF5A5800D23F84 /* GKPhoto.m */; };
		B52A185320EF5A5800D23F84 /* GKPhotoBrowser.bundle in Resources */ = {isa = PBXBuildFile; fileRef = B52A183520EF5A5800D23F84 /* GKPhotoBrowser.bundle */; };
		B52A185420EF5A5800D23F84 /* GKPhotoBrowser.m in Sources */ = {isa = PBXBuildFile; fileRef = B52A183720EF5A5800D23F84 /* GKPhotoBrowser.m */; };
		B52A185520EF5A5800D23F84 /* GKPhotoView.m in Sources */ = {isa = PBXBuildFile; fileRef = B52A183A20EF5A5800D23F84 /* GKPhotoView.m */; };
		B52A185620EF5A5800D23F84 /* GKWebImageManager.m in Sources */ = {isa = PBXBuildFile; fileRef = B52A183C20EF5A5800D23F84 /* GKWebImageManager.m */; };
		B52A185720EF5A5800D23F84 /* SZScrollView.m in Sources */ = {isa = PBXBuildFile; fileRef = B52A183F20EF5A5800D23F84 /* SZScrollView.m */; };
		B52A185820EF5A5800D23F84 /* UIScrollView+GKGestureHandle.m in Sources */ = {isa = PBXBuildFile; fileRef = B52A184120EF5A5800D23F84 /* UIScrollView+GKGestureHandle.m */; };
		B52A185920EF5A5800D23F84 /* knob.png in Resources */ = {isa = PBXBuildFile; fileRef = B52A184320EF5A5800D23F84 /* knob.png */; };
		B52A185A20EF5A5800D23F84 /* pause.png in Resources */ = {isa = PBXBuildFile; fileRef = B52A184420EF5A5800D23F84 /* pause.png */; };
		B52A185B20EF5A5800D23F84 /* pause@2x.png in Resources */ = {isa = PBXBuildFile; fileRef = B52A184520EF5A5800D23F84 /* pause@2x.png */; };
		B52A185C20EF5A5800D23F84 /* play.png in Resources */ = {isa = PBXBuildFile; fileRef = B52A184620EF5A5800D23F84 /* play.png */; };
		B52A185D20EF5A5800D23F84 /* play@2x.png in Resources */ = {isa = PBXBuildFile; fileRef = B52A184720EF5A5800D23F84 /* play@2x.png */; };
		B52A185E20EF5A5800D23F84 /* SBControlView.m in Sources */ = {isa = PBXBuildFile; fileRef = B52A184A20EF5A5800D23F84 /* SBControlView.m */; };
		B52A185F20EF5A5800D23F84 /* SBPauseOrPlayView.m in Sources */ = {isa = PBXBuildFile; fileRef = B52A184C20EF5A5800D23F84 /* SBPauseOrPlayView.m */; };
		B52A186020EF5A5800D23F84 /* SBPlayer.m in Sources */ = {isa = PBXBuildFile; fileRef = B52A184E20EF5A5800D23F84 /* SBPlayer.m */; };
		B52A186120EF5A5800D23F84 /* SZSlider.m in Sources */ = {isa = PBXBuildFile; fileRef = B52A185020EF5A5800D23F84 /* SZSlider.m */; };
		B596F21A20ECB48C00DC28EE /* Assets.xcassets in Resources */ = {isa = PBXBuildFile; fileRef = B596F21920ECB48C00DC28EE /* Assets.xcassets */; };
		B596F21D20ECB48C00DC28EE /* LaunchScreen.storyboard in Resources */ = {isa = PBXBuildFile; fileRef = B596F21B20ECB48C00DC28EE /* LaunchScreen.storyboard */; };
		B596F22020ECB48C00DC28EE /* main.m in Sources */ = {isa = PBXBuildFile; fileRef = B596F21F20ECB48C00DC28EE /* main.m */; };
		B596F22A20ECB48C00DC28EE /* SZPhotoVideoBrowserDemoTests.m in Sources */ = {isa = PBXBuildFile; fileRef = B596F22920ECB48C00DC28EE /* SZPhotoVideoBrowserDemoTests.m */; };
		B596F23520ECB48C00DC28EE /* SZPhotoVideoBrowserDemoUITests.m in Sources */ = {isa = PBXBuildFile; fileRef = B596F23420ECB48C00DC28EE /* SZPhotoVideoBrowserDemoUITests.m */; };
		B596F29120ECB4FD00DC28EE /* AppDelegate.m in Sources */ = {isa = PBXBuildFile; fileRef = B596F24420ECB4FC00DC28EE /* AppDelegate.m */; };
		B596F29220ECB4FD00DC28EE /* GKBaseViewController.m in Sources */ = {isa = PBXBuildFile; fileRef = B596F24820ECB4FC00DC28EE /* GKBaseViewController.m */; };
		B596F29320ECB4FD00DC28EE /* GKMainViewController.m in Sources */ = {isa = PBXBuildFile; fileRef = B596F24B20ECB4FC00DC28EE /* GKMainViewController.m */; };
		B596F29420ECB4FD00DC28EE /* GKTest01ViewCell.m in Sources */ = {isa = PBXBuildFile; fileRef = B596F24D20ECB4FC00DC28EE /* GKTest01ViewCell.m */; };
		B596F29520ECB4FD00DC28EE /* GKTest01ViewController.m in Sources */ = {isa = PBXBuildFile; fileRef = B596F24F20ECB4FC00DC28EE /* GKTest01ViewController.m */; };
		B596F29620ECB4FD00DC28EE /* UIView+GKFrame.m in Sources */ = {isa = PBXBuildFile; fileRef = B596F25320ECB4FC00DC28EE /* UIView+GKFrame.m */; };
/* End PBXBuildFile section */

/* Begin PBXContainerItemProxy section */
		B596F22620ECB48C00DC28EE /* PBXContainerItemProxy */ = {
			isa = PBXContainerItemProxy;
			containerPortal = B596F20520ECB48100DC28EE /* Project object */;
			proxyType = 1;
			remoteGlobalIDString = B596F20C20ECB48100DC28EE;
			remoteInfo = SZPhotoVideoBrowserDemo;
		};
		B596F23120ECB48C00DC28EE /* PBXContainerItemProxy */ = {
			isa = PBXContainerItemProxy;
			containerPortal = B596F20520ECB48100DC28EE /* Project object */;
			proxyType = 1;
			remoteGlobalIDString = B596F20C20ECB48100DC28EE;
			remoteInfo = SZPhotoVideoBrowserDemo;
		};
/* End PBXContainerItemProxy section */

/* Begin PBXFileReference section */
		123F66A0B23BF87B9A9D1285 /* Pods-SZPhotoVideoBrowserDemo.release.xcconfig */ = {isa = PBXFileReference; includeInIndex = 1; lastKnownFileType = text.xcconfig; name = "Pods-SZPhotoVideoBrowserDemo.release.xcconfig"; path = "Pods/Target Support Files/Pods-SZPhotoVideoBrowserDemo/Pods-SZPhotoVideoBrowserDemo.release.xcconfig"; sourceTree = "<group>"; };
		A7BE02B8999FD10C823935DE /* Pods_SZPhotoVideoBrowserDemo.framework */ = {isa = PBXFileReference; explicitFileType = wrapper.framework; includeInIndex = 0; path = Pods_SZPhotoVideoBrowserDemo.framework; sourceTree = BUILT_PRODUCTS_DIR; };
		B52A183120EF5A5800D23F84 /* GKLoadingView.h */ = {isa = PBXFileReference; fileEncoding = 4; lastKnownFileType = sourcecode.c.h; path = GKLoadingView.h; sourceTree = "<group>"; };
		B52A183220EF5A5800D23F84 /* GKLoadingView.m */ = {isa = PBXFileReference; fileEncoding = 4; lastKnownFileType = sourcecode.c.objc; path = GKLoadingView.m; sourceTree = "<group>"; };
		B52A183320EF5A5800D23F84 /* GKPhoto.h */ = {isa = PBXFileReference; fileEncoding = 4; lastKnownFileType = sourcecode.c.h; path = GKPhoto.h; sourceTree = "<group>"; };
		B52A183420EF5A5800D23F84 /* GKPhoto.m */ = {isa = PBXFileReference; fileEncoding = 4; lastKnownFileType = sourcecode.c.objc; path = GKPhoto.m; sourceTree = "<group>"; };
		B52A183520EF5A5800D23F84 /* GKPhotoBrowser.bundle */ = {isa = PBXFileReference; lastKnownFileType = "wrapper.plug-in"; path = GKPhotoBrowser.bundle; sourceTree = "<group>"; };
		B52A183620EF5A5800D23F84 /* GKPhotoBrowser.h */ = {isa = PBXFileReference; fileEncoding = 4; lastKnownFileType = sourcecode.c.h; path = GKPhotoBrowser.h; sourceTree = "<group>"; };
		B52A183720EF5A5800D23F84 /* GKPhotoBrowser.m */ = {isa = PBXFileReference; fileEncoding = 4; lastKnownFileType = sourcecode.c.objc; path = GKPhotoBrowser.m; sourceTree = "<group>"; };
		B52A183820EF5A5800D23F84 /* GKPhotoBrowserConfigure.h */ = {isa = PBXFileReference; fileEncoding = 4; lastKnownFileType = sourcecode.c.h; path = GKPhotoBrowserConfigure.h; sourceTree = "<group>"; };
		B52A183920EF5A5800D23F84 /* GKPhotoView.h */ = {isa = PBXFileReference; fileEncoding = 4; lastKnownFileType = sourcecode.c.h; path = GKPhotoView.h; sourceTree = "<group>"; };
		B52A183A20EF5A5800D23F84 /* GKPhotoView.m */ = {isa = PBXFileReference; fileEncoding = 4; lastKnownFileType = sourcecode.c.objc; path = GKPhotoView.m; sourceTree = "<group>"; };
		B52A183B20EF5A5800D23F84 /* GKWebImageManager.h */ = {isa = PBXFileReference; fileEncoding = 4; lastKnownFileType = sourcecode.c.h; path = GKWebImageManager.h; sourceTree = "<group>"; };
		B52A183C20EF5A5800D23F84 /* GKWebImageManager.m */ = {isa = PBXFileReference; fileEncoding = 4; lastKnownFileType = sourcecode.c.objc; path = GKWebImageManager.m; sourceTree = "<group>"; };
		B52A183D20EF5A5800D23F84 /* GKWebImageProtocol.h */ = {isa = PBXFileReference; fileEncoding = 4; lastKnownFileType = sourcecode.c.h; path = GKWebImageProtocol.h; sourceTree = "<group>"; };
		B52A183E20EF5A5800D23F84 /* SZScrollView.h */ = {isa = PBXFileReference; fileEncoding = 4; lastKnownFileType = sourcecode.c.h; path = SZScrollView.h; sourceTree = "<group>"; };
		B52A183F20EF5A5800D23F84 /* SZScrollView.m */ = {isa = PBXFileReference; fileEncoding = 4; lastKnownFileType = sourcecode.c.objc; path = SZScrollView.m; sourceTree = "<group>"; };
		B52A184020EF5A5800D23F84 /* UIScrollView+GKGestureHandle.h */ = {isa = PBXFileReference; fileEncoding = 4; lastKnownFileType = sourcecode.c.h; path = "UIScrollView+GKGestureHandle.h"; sourceTree = "<group>"; };
		B52A184120EF5A5800D23F84 /* UIScrollView+GKGestureHandle.m */ = {isa = PBXFileReference; fileEncoding = 4; lastKnownFileType = sourcecode.c.objc; path = "UIScrollView+GKGestureHandle.m"; sourceTree = "<group>"; };
		B52A184320EF5A5800D23F84 /* knob.png */ = {isa = PBXFileReference; lastKnownFileType = image.png; path = knob.png; sourceTree = "<group>"; };
		B52A184420EF5A5800D23F84 /* pause.png */ = {isa = PBXFileReference; lastKnownFileType = image.png; path = pause.png; sourceTree = "<group>"; };
		B52A184520EF5A5800D23F84 /* pause@2x.png */ = {isa = PBXFileReference; lastKnownFileType = image.png; path = "pause@2x.png"; sourceTree = "<group>"; };
		B52A184620EF5A5800D23F84 /* play.png */ = {isa = PBXFileReference; lastKnownFileType = image.png; path = play.png; sourceTree = "<group>"; };
		B52A184720EF5A5800D23F84 /* play@2x.png */ = {isa = PBXFileReference; lastKnownFileType = image.png; path = "play@2x.png"; sourceTree = "<group>"; };
		B52A184820EF5A5800D23F84 /* SBCommonHeader.h */ = {isa = PBXFileReference; fileEncoding = 4; lastKnownFileType = sourcecode.c.h; path = SBCommonHeader.h; sourceTree = "<group>"; };
		B52A184920EF5A5800D23F84 /* SBControlView.h */ = {isa = PBXFileReference; fileEncoding = 4; lastKnownFileType = sourcecode.c.h; path = SBControlView.h; sourceTree = "<group>"; };
		B52A184A20EF5A5800D23F84 /* SBControlView.m */ = {isa = PBXFileReference; fileEncoding = 4; lastKnownFileType = sourcecode.c.objc; path = SBControlView.m; sourceTree = "<group>"; };
		B52A184B20EF5A5800D23F84 /* SBPauseOrPlayView.h */ = {isa = PBXFileReference; fileEncoding = 4; lastKnownFileType = sourcecode.c.h; path = SBPauseOrPlayView.h; sourceTree = "<group>"; };
		B52A184C20EF5A5800D23F84 /* SBPauseOrPlayView.m */ = {isa = PBXFileReference; fileEncoding = 4; lastKnownFileType = sourcecode.c.objc; path = SBPauseOrPlayView.m; sourceTree = "<group>"; };
		B52A184D20EF5A5800D23F84 /* SBPlayer.h */ = {isa = PBXFileReference; fileEncoding = 4; lastKnownFileType = sourcecode.c.h; path = SBPlayer.h; sourceTree = "<group>"; };
		B52A184E20EF5A5800D23F84 /* SBPlayer.m */ = {isa = PBXFileReference; fileEncoding = 4; lastKnownFileType = sourcecode.c.objc; path = SBPlayer.m; sourceTree = "<group>"; };
		B52A184F20EF5A5800D23F84 /* SZSlider.h */ = {isa = PBXFileReference; fileEncoding = 4; lastKnownFileType = sourcecode.c.h; path = SZSlider.h; sourceTree = "<group>"; };
		B52A185020EF5A5800D23F84 /* SZSlider.m */ = {isa = PBXFileReference; fileEncoding = 4; lastKnownFileType = sourcecode.c.objc; path = SZSlider.m; sourceTree = "<group>"; };
		B596F20D20ECB48100DC28EE /* SZPhotoVideoBrowserDemo.app */ = {isa = PBXFileReference; explicitFileType = wrapper.application; includeInIndex = 0; path = SZPhotoVideoBrowserDemo.app; sourceTree = BUILT_PRODUCTS_DIR; };
		B596F21920ECB48C00DC28EE /* Assets.xcassets */ = {isa = PBXFileReference; lastKnownFileType = folder.assetcatalog; path = Assets.xcassets; sourceTree = "<group>"; };
		B596F21C20ECB48C00DC28EE /* Base */ = {isa = PBXFileReference; lastKnownFileType = file.storyboard; name = Base; path = Base.lproj/LaunchScreen.storyboard; sourceTree = "<group>"; };
		B596F21E20ECB48C00DC28EE /* Info.plist */ = {isa = PBXFileReference; lastKnownFileType = text.plist.xml; path = Info.plist; sourceTree = "<group>"; };
		B596F21F20ECB48C00DC28EE /* main.m */ = {isa = PBXFileReference; lastKnownFileType = sourcecode.c.objc; path = main.m; sourceTree = "<group>"; };
		B596F22520ECB48C00DC28EE /* SZPhotoVideoBrowserDemoTests.xctest */ = {isa = PBXFileReference; explicitFileType = wrapper.cfbundle; includeInIndex = 0; path = SZPhotoVideoBrowserDemoTests.xctest; sourceTree = BUILT_PRODUCTS_DIR; };
		B596F22920ECB48C00DC28EE /* SZPhotoVideoBrowserDemoTests.m */ = {isa = PBXFileReference; lastKnownFileType = sourcecode.c.objc; path = SZPhotoVideoBrowserDemoTests.m; sourceTree = "<group>"; };
		B596F22B20ECB48C00DC28EE /* Info.plist */ = {isa = PBXFileReference; lastKnownFileType = text.plist.xml; path = Info.plist; sourceTree = "<group>"; };
		B596F23020ECB48C00DC28EE /* SZPhotoVideoBrowserDemoUITests.xctest */ = {isa = PBXFileReference; explicitFileType = wrapper.cfbundle; includeInIndex = 0; path = SZPhotoVideoBrowserDemoUITests.xctest; sourceTree = BUILT_PRODUCTS_DIR; };
		B596F23420ECB48C00DC28EE /* SZPhotoVideoBrowserDemoUITests.m */ = {isa = PBXFileReference; lastKnownFileType = sourcecode.c.objc; path = SZPhotoVideoBrowserDemoUITests.m; sourceTree = "<group>"; };
		B596F23620ECB48C00DC28EE /* Info.plist */ = {isa = PBXFileReference; lastKnownFileType = text.plist.xml; path = Info.plist; sourceTree = "<group>"; };
		B596F24320ECB4FC00DC28EE /* AppDelegate.h */ = {isa = PBXFileReference; fileEncoding = 4; lastKnownFileType = sourcecode.c.h; path = AppDelegate.h; sourceTree = "<group>"; };
		B596F24420ECB4FC00DC28EE /* AppDelegate.m */ = {isa = PBXFileReference; fileEncoding = 4; lastKnownFileType = sourcecode.c.objc; path = AppDelegate.m; sourceTree = "<group>"; };
		B596F24720ECB4FC00DC28EE /* GKBaseViewController.h */ = {isa = PBXFileReference; fileEncoding = 4; lastKnownFileType = sourcecode.c.h; path = GKBaseViewController.h; sourceTree = "<group>"; };
		B596F24820ECB4FC00DC28EE /* GKBaseViewController.m */ = {isa = PBXFileReference; fileEncoding = 4; lastKnownFileType = sourcecode.c.objc; path = GKBaseViewController.m; sourceTree = "<group>"; };
		B596F24A20ECB4FC00DC28EE /* GKMainViewController.h */ = {isa = PBXFileReference; fileEncoding = 4; lastKnownFileType = sourcecode.c.h; path = GKMainViewController.h; sourceTree = "<group>"; };
		B596F24B20ECB4FC00DC28EE /* GKMainViewController.m */ = {isa = PBXFileReference; fileEncoding = 4; lastKnownFileType = sourcecode.c.objc; path = GKMainViewController.m; sourceTree = "<group>"; };
		B596F24C20ECB4FC00DC28EE /* GKTest01ViewCell.h */ = {isa = PBXFileReference; fileEncoding = 4; lastKnownFileType = sourcecode.c.h; path = GKTest01ViewCell.h; sourceTree = "<group>"; };
		B596F24D20ECB4FC00DC28EE /* GKTest01ViewCell.m */ = {isa = PBXFileReference; fileEncoding = 4; lastKnownFileType = sourcecode.c.objc; path = GKTest01ViewCell.m; sourceTree = "<group>"; };
		B596F24E20ECB4FC00DC28EE /* GKTest01ViewController.h */ = {isa = PBXFileReference; fileEncoding = 4; lastKnownFileType = sourcecode.c.h; path = GKTest01ViewController.h; sourceTree = "<group>"; };
		B596F24F20ECB4FC00DC28EE /* GKTest01ViewController.m */ = {isa = PBXFileReference; fileEncoding = 4; lastKnownFileType = sourcecode.c.objc; path = GKTest01ViewController.m; sourceTree = "<group>"; };
		B596F25220ECB4FC00DC28EE /* UIView+GKFrame.h */ = {isa = PBXFileReference; fileEncoding = 4; lastKnownFileType = sourcecode.c.h; path = "UIView+GKFrame.h"; sourceTree = "<group>"; };
		B596F25320ECB4FC00DC28EE /* UIView+GKFrame.m */ = {isa = PBXFileReference; fileEncoding = 4; lastKnownFileType = sourcecode.c.objc; path = "UIView+GKFrame.m"; sourceTree = "<group>"; };
		B596F2B120ECB65D00DC28EE /* PrefixHeader.pch */ = {isa = PBXFileReference; fileEncoding = 4; lastKnownFileType = sourcecode.c.h; path = PrefixHeader.pch; sourceTree = "<group>"; };
		C52D1E4315827C2936B11915 /* Pods-SZPhotoVideoBrowserDemo.debug.xcconfig */ = {isa = PBXFileReference; includeInIndex = 1; lastKnownFileType = text.xcconfig; name = "Pods-SZPhotoVideoBrowserDemo.debug.xcconfig"; path = "Pods/Target Support Files/Pods-SZPhotoVideoBrowserDemo/Pods-SZPhotoVideoBrowserDemo.debug.xcconfig"; sourceTree = "<group>"; };
/* End PBXFileReference section */

/* Begin PBXFrameworksBuildPhase section */
		B596F20A20ECB48100DC28EE /* Frameworks */ = {
			isa = PBXFrameworksBuildPhase;
			buildActionMask = 2147483647;
			files = (
				713D1FF427FC7CC8BDCE8BCF /* Pods_SZPhotoVideoBrowserDemo.framework in Frameworks */,
			);
			runOnlyForDeploymentPostprocessing = 0;
		};
		B596F22220ECB48C00DC28EE /* Frameworks */ = {
			isa = PBXFrameworksBuildPhase;
			buildActionMask = 2147483647;
			files = (
			);
			runOnlyForDeploymentPostprocessing = 0;
		};
		B596F22D20ECB48C00DC28EE /* Frameworks */ = {
			isa = PBXFrameworksBuildPhase;
			buildActionMask = 2147483647;
			files = (
			);
			runOnlyForDeploymentPostprocessing = 0;
		};
/* End PBXFrameworksBuildPhase section */

/* Begin PBXGroup section */
		6981509072D4BD0E4DABCB3A /* Frameworks */ = {
			isa = PBXGroup;
			children = (
				A7BE02B8999FD10C823935DE /* Pods_SZPhotoVideoBrowserDemo.framework */,
			);
			name = Frameworks;
			sourceTree = "<group>";
		};
		B52A182E20EF5A5800D23F84 /* SZPhotoVideoBrowser */ = {
			isa = PBXGroup;
			children = (
				B52A182F20EF5A5800D23F84 /* GKPhotoBrowser */,
				B52A184220EF5A5800D23F84 /* SBPlayer */,
			);
			path = SZPhotoVideoBrowser;
			sourceTree = "<group>";
		};
		B52A182F20EF5A5800D23F84 /* GKPhotoBrowser */ = {
			isa = PBXGroup;
			children = (
				B52A183020EF5A5800D23F84 /* GKLoadingView */,
				B52A183320EF5A5800D23F84 /* GKPhoto.h */,
				B52A183420EF5A5800D23F84 /* GKPhoto.m */,
				B52A183520EF5A5800D23F84 /* GKPhotoBrowser.bundle */,
				B52A183620EF5A5800D23F84 /* GKPhotoBrowser.h */,
				B52A183720EF5A5800D23F84 /* GKPhotoBrowser.m */,
				B52A183820EF5A5800D23F84 /* GKPhotoBrowserConfigure.h */,
				B52A183920EF5A5800D23F84 /* GKPhotoView.h */,
				B52A183A20EF5A5800D23F84 /* GKPhotoView.m */,
				B52A183B20EF5A5800D23F84 /* GKWebImageManager.h */,
				B52A183C20EF5A5800D23F84 /* GKWebImageManager.m */,
				B52A183D20EF5A5800D23F84 /* GKWebImageProtocol.h */,
				B52A183E20EF5A5800D23F84 /* SZScrollView.h */,
				B52A183F20EF5A5800D23F84 /* SZScrollView.m */,
				B52A184020EF5A5800D23F84 /* UIScrollView+GKGestureHandle.h */,
				B52A184120EF5A5800D23F84 /* UIScrollView+GKGestureHandle.m */,
			);
			path = GKPhotoBrowser;
			sourceTree = "<group>";
		};
		B52A183020EF5A5800D23F84 /* GKLoadingView */ = {
			isa = PBXGroup;
			children = (
				B52A183120EF5A5800D23F84 /* GKLoadingView.h */,
				B52A183220EF5A5800D23F84 /* GKLoadingView.m */,
			);
			path = GKLoadingView;
			sourceTree = "<group>";
		};
		B52A184220EF5A5800D23F84 /* SBPlayer */ = {
			isa = PBXGroup;
			children = (
				B52A184320EF5A5800D23F84 /* knob.png */,
				B52A184420EF5A5800D23F84 /* pause.png */,
				B52A184520EF5A5800D23F84 /* pause@2x.png */,
				B52A184620EF5A5800D23F84 /* play.png */,
				B52A184720EF5A5800D23F84 /* play@2x.png */,
				B52A184820EF5A5800D23F84 /* SBCommonHeader.h */,
				B52A184920EF5A5800D23F84 /* SBControlView.h */,
				B52A184A20EF5A5800D23F84 /* SBControlView.m */,
				B52A184B20EF5A5800D23F84 /* SBPauseOrPlayView.h */,
				B52A184C20EF5A5800D23F84 /* SBPauseOrPlayView.m */,
				B52A184D20EF5A5800D23F84 /* SBPlayer.h */,
				B52A184E20EF5A5800D23F84 /* SBPlayer.m */,
				B52A184F20EF5A5800D23F84 /* SZSlider.h */,
				B52A185020EF5A5800D23F84 /* SZSlider.m */,
			);
			path = SBPlayer;
			sourceTree = "<group>";
		};
		B596F20420ECB48100DC28EE = {
			isa = PBXGroup;
			children = (
				B596F20F20ECB48100DC28EE /* SZPhotoVideoBrowserDemo */,
				B596F22820ECB48C00DC28EE /* SZPhotoVideoBrowserDemoTests */,
				B596F23320ECB48C00DC28EE /* SZPhotoVideoBrowserDemoUITests */,
				B596F20E20ECB48100DC28EE /* Products */,
				F392DCC32299ADBE4018F43F /* Pods */,
				6981509072D4BD0E4DABCB3A /* Frameworks */,
			);
			sourceTree = "<group>";
		};
		B596F20E20ECB48100DC28EE /* Products */ = {
			isa = PBXGroup;
			children = (
				B596F20D20ECB48100DC28EE /* SZPhotoVideoBrowserDemo.app */,
				B596F22520ECB48C00DC28EE /* SZPhotoVideoBrowserDemoTests.xctest */,
				B596F23020ECB48C00DC28EE /* SZPhotoVideoBrowserDemoUITests.xctest */,
			);
			name = Products;
			sourceTree = "<group>";
		};
		B596F20F20ECB48100DC28EE /* SZPhotoVideoBrowserDemo */ = {
			isa = PBXGroup;
			children = (
				B596F24220ECB4FC00DC28EE /* Classes */,
				B52A182E20EF5A5800D23F84 /* SZPhotoVideoBrowser */,
				B596F21920ECB48C00DC28EE /* Assets.xcassets */,
				B596F21B20ECB48C00DC28EE /* LaunchScreen.storyboard */,
				B596F21E20ECB48C00DC28EE /* Info.plist */,
				B596F2B120ECB65D00DC28EE /* PrefixHeader.pch */,
				B596F21F20ECB48C00DC28EE /* main.m */,
			);
			path = SZPhotoVideoBrowserDemo;
			sourceTree = "<group>";
		};
		B596F22820ECB48C00DC28EE /* SZPhotoVideoBrowserDemoTests */ = {
			isa = PBXGroup;
			children = (
				B596F22920ECB48C00DC28EE /* SZPhotoVideoBrowserDemoTests.m */,
				B596F22B20ECB48C00DC28EE /* Info.plist */,
			);
			path = SZPhotoVideoBrowserDemoTests;
			sourceTree = "<group>";
		};
		B596F23320ECB48C00DC28EE /* SZPhotoVideoBrowserDemoUITests */ = {
			isa = PBXGroup;
			children = (
				B596F23420ECB48C00DC28EE /* SZPhotoVideoBrowserDemoUITests.m */,
				B596F23620ECB48C00DC28EE /* Info.plist */,
			);
			path = SZPhotoVideoBrowserDemoUITests;
			sourceTree = "<group>";
		};
		B596F24220ECB4FC00DC28EE /* Classes */ = {
			isa = PBXGroup;
			children = (
				B596F24320ECB4FC00DC28EE /* AppDelegate.h */,
				B596F24420ECB4FC00DC28EE /* AppDelegate.m */,
				B596F24520ECB4FC00DC28EE /* Main */,
			);
			path = Classes;
			sourceTree = "<group>";
		};
		B596F24520ECB4FC00DC28EE /* Main */ = {
			isa = PBXGroup;
			children = (
				B596F24720ECB4FC00DC28EE /* GKBaseViewController.h */,
				B596F24820ECB4FC00DC28EE /* GKBaseViewController.m */,
				B596F24A20ECB4FC00DC28EE /* GKMainViewController.h */,
				B596F24B20ECB4FC00DC28EE /* GKMainViewController.m */,
				B596F24C20ECB4FC00DC28EE /* GKTest01ViewCell.h */,
				B596F24D20ECB4FC00DC28EE /* GKTest01ViewCell.m */,
				B596F24E20ECB4FC00DC28EE /* GKTest01ViewController.h */,
				B596F24F20ECB4FC00DC28EE /* GKTest01ViewController.m */,
				B596F25220ECB4FC00DC28EE /* UIView+GKFrame.h */,
				B596F25320ECB4FC00DC28EE /* UIView+GKFrame.m */,
			);
			path = Main;
			sourceTree = "<group>";
		};
		F392DCC32299ADBE4018F43F /* Pods */ = {
			isa = PBXGroup;
			children = (
				C52D1E4315827C2936B11915 /* Pods-SZPhotoVideoBrowserDemo.debug.xcconfig */,
				123F66A0B23BF87B9A9D1285 /* Pods-SZPhotoVideoBrowserDemo.release.xcconfig */,
			);
			name = Pods;
			sourceTree = "<group>";
		};
/* End PBXGroup section */

/* Begin PBXNativeTarget section */
		B596F20C20ECB48100DC28EE /* SZPhotoVideoBrowserDemo */ = {
			isa = PBXNativeTarget;
			buildConfigurationList = B596F23920ECB48C00DC28EE /* Build configuration list for PBXNativeTarget "SZPhotoVideoBrowserDemo" */;
			buildPhases = (
				709CA08192C487D027CECF32 /* [CP] Check Pods Manifest.lock */,
				B596F20920ECB48100DC28EE /* Sources */,
				B596F20A20ECB48100DC28EE /* Frameworks */,
				B596F20B20ECB48100DC28EE /* Resources */,
				AD0193C2BF8AAC4BAD8F2B53 /* [CP] Embed Pods Frameworks */,
			);
			buildRules = (
			);
			dependencies = (
			);
			name = SZPhotoVideoBrowserDemo;
			productName = SZPhotoVideoBrowserDemo;
			productReference = B596F20D20ECB48100DC28EE /* SZPhotoVideoBrowserDemo.app */;
			productType = "com.apple.product-type.application";
		};
		B596F22420ECB48C00DC28EE /* SZPhotoVideoBrowserDemoTests */ = {
			isa = PBXNativeTarget;
			buildConfigurationList = B596F23C20ECB48C00DC28EE /* Build configuration list for PBXNativeTarget "SZPhotoVideoBrowserDemoTests" */;
			buildPhases = (
				B596F22120ECB48C00DC28EE /* Sources */,
				B596F22220ECB48C00DC28EE /* Frameworks */,
				B596F22320ECB48C00DC28EE /* Resources */,
			);
			buildRules = (
			);
			dependencies = (
				B596F22720ECB48C00DC28EE /* PBXTargetDependency */,
			);
			name = SZPhotoVideoBrowserDemoTests;
			productName = SZPhotoVideoBrowserDemoTests;
			productReference = B596F22520ECB48C00DC28EE /* SZPhotoVideoBrowserDemoTests.xctest */;
			productType = "com.apple.product-type.bundle.unit-test";
		};
		B596F22F20ECB48C00DC28EE /* SZPhotoVideoBrowserDemoUITests */ = {
			isa = PBXNativeTarget;
			buildConfigurationList = B596F23F20ECB48C00DC28EE /* Build configuration list for PBXNativeTarget "SZPhotoVideoBrowserDemoUITests" */;
			buildPhases = (
				B596F22C20ECB48C00DC28EE /* Sources */,
				B596F22D20ECB48C00DC28EE /* Frameworks */,
				B596F22E20ECB48C00DC28EE /* Resources */,
			);
			buildRules = (
			);
			dependencies = (
				B596F23220ECB48C00DC28EE /* PBXTargetDependency */,
			);
			name = SZPhotoVideoBrowserDemoUITests;
			productName = SZPhotoVideoBrowserDemoUITests;
			productReference = B596F23020ECB48C00DC28EE /* SZPhotoVideoBrowserDemoUITests.xctest */;
			productType = "com.apple.product-type.bundle.ui-testing";
		};
/* End PBXNativeTarget section */

/* Begin PBXProject section */
		B596F20520ECB48100DC28EE /* Project object */ = {
			isa = PBXProject;
			attributes = {
				LastUpgradeCheck = 0930;
				ORGANIZATIONNAME = sz;
				TargetAttributes = {
					B596F20C20ECB48100DC28EE = {
						CreatedOnToolsVersion = 9.3;
					};
					B596F22420ECB48C00DC28EE = {
						CreatedOnToolsVersion = 9.3;
						TestTargetID = B596F20C20ECB48100DC28EE;
					};
					B596F22F20ECB48C00DC28EE = {
						CreatedOnToolsVersion = 9.3;
						TestTargetID = B596F20C20ECB48100DC28EE;
					};
				};
			};
			buildConfigurationList = B596F20820ECB48100DC28EE /* Build configuration list for PBXProject "SZPhotoVideoBrowserDemo" */;
			compatibilityVersion = "Xcode 9.3";
			developmentRegion = en;
			hasScannedForEncodings = 0;
			knownRegions = (
				en,
				Base,
			);
			mainGroup = B596F20420ECB48100DC28EE;
			productRefGroup = B596F20E20ECB48100DC28EE /* Products */;
			projectDirPath = "";
			projectRoot = "";
			targets = (
				B596F20C20ECB48100DC28EE /* SZPhotoVideoBrowserDemo */,
				B596F22420ECB48C00DC28EE /* SZPhotoVideoBrowserDemoTests */,
				B596F22F20ECB48C00DC28EE /* SZPhotoVideoBrowserDemoUITests */,
			);
		};
/* End PBXProject section */

/* Begin PBXResourcesBuildPhase section */
		B596F20B20ECB48100DC28EE /* Resources */ = {
			isa = PBXResourcesBuildPhase;
			buildActionMask = 2147483647;
			files = (
				B52A185C20EF5A5800D23F84 /* play.png in Resources */,
				B596F21D20ECB48C00DC28EE /* LaunchScreen.storyboard in Resources */,
				B52A185B20EF5A5800D23F84 /* pause@2x.png in Resources */,
				B52A185920EF5A5800D23F84 /* knob.png in Resources */,
				B52A185A20EF5A5800D23F84 /* pause.png in Resources */,
				B52A185320EF5A5800D23F84 /* GKPhotoBrowser.bundle in Resources */,
				B52A185D20EF5A5800D23F84 /* play@2x.png in Resources */,
				B596F21A20ECB48C00DC28EE /* Assets.xcassets in Resources */,
			);
			runOnlyForDeploymentPostprocessing = 0;
		};
		B596F22320ECB48C00DC28EE /* Resources */ = {
			isa = PBXResourcesBuildPhase;
			buildActionMask = 2147483647;
			files = (
			);
			runOnlyForDeploymentPostprocessing = 0;
		};
		B596F22E20ECB48C00DC28EE /* Resources */ = {
			isa = PBXResourcesBuildPhase;
			buildActionMask = 2147483647;
			files = (
			);
			runOnlyForDeploymentPostprocessing = 0;
		};
/* End PBXResourcesBuildPhase section */

/* Begin PBXShellScriptBuildPhase section */
		709CA08192C487D027CECF32 /* [CP] Check Pods Manifest.lock */ = {
			isa = PBXShellScriptBuildPhase;
			buildActionMask = 2147483647;
			files = (
			);
			inputPaths = (
				"${PODS_PODFILE_DIR_PATH}/Podfile.lock",
				"${PODS_ROOT}/Manifest.lock",
			);
			name = "[CP] Check Pods Manifest.lock";
			outputPaths = (
				"$(DERIVED_FILE_DIR)/Pods-SZPhotoVideoBrowserDemo-checkManifestLockResult.txt",
			);
			runOnlyForDeploymentPostprocessing = 0;
			shellPath = /bin/sh;
			shellScript = "diff \"${PODS_PODFILE_DIR_PATH}/Podfile.lock\" \"${PODS_ROOT}/Manifest.lock\" > /dev/null\nif [ $? != 0 ] ; then\n    # print error to STDERR\n    echo \"error: The sandbox is not in sync with the Podfile.lock. Run 'pod install' or update your CocoaPods installation.\" >&2\n    exit 1\nfi\n# This output is used by Xcode 'outputs' to avoid re-running this script phase.\necho \"SUCCESS\" > \"${SCRIPT_OUTPUT_FILE_0}\"\n";
			showEnvVarsInLog = 0;
		};
		AD0193C2BF8AAC4BAD8F2B53 /* [CP] Embed Pods Frameworks */ = {
			isa = PBXShellScriptBuildPhase;
			buildActionMask = 2147483647;
			files = (
			);
			inputPaths = (
				"${SRCROOT}/Pods/Target Support Files/Pods-SZPhotoVideoBrowserDemo/Pods-SZPhotoVideoBrowserDemo-frameworks.sh",
				"${BUILT_PRODUCTS_DIR}/AFNetworking/AFNetworking.framework",
				"${BUILT_PRODUCTS_DIR}/FLAnimatedImage/FLAnimatedImage.framework",
				"${BUILT_PRODUCTS_DIR}/GKCover/GKCover.framework",
				"${BUILT_PRODUCTS_DIR}/GKNavigationBarViewController/GKNavigationBarViewController.framework",
				"${BUILT_PRODUCTS_DIR}/Masonry/Masonry.framework",
				"${BUILT_PRODUCTS_DIR}/SDWebImage/SDWebImage.framework",
			);
			name = "[CP] Embed Pods Frameworks";
			outputPaths = (
				"${TARGET_BUILD_DIR}/${FRAMEWORKS_FOLDER_PATH}/AFNetworking.framework",
				"${TARGET_BUILD_DIR}/${FRAMEWORKS_FOLDER_PATH}/FLAnimatedImage.framework",
				"${TARGET_BUILD_DIR}/${FRAMEWORKS_FOLDER_PATH}/GKCover.framework",
				"${TARGET_BUILD_DIR}/${FRAMEWORKS_FOLDER_PATH}/GKNavigationBarViewController.framework",
				"${TARGET_BUILD_DIR}/${FRAMEWORKS_FOLDER_PATH}/Masonry.framework",
				"${TARGET_BUILD_DIR}/${FRAMEWORKS_FOLDER_PATH}/SDWebImage.framework",
			);
			runOnlyForDeploymentPostprocessing = 0;
			shellPath = /bin/sh;
			shellScript = "\"${SRCROOT}/Pods/Target Support Files/Pods-SZPhotoVideoBrowserDemo/Pods-SZPhotoVideoBrowserDemo-frameworks.sh\"\n";
			showEnvVarsInLog = 0;
		};
/* End PBXShellScriptBuildPhase section */

/* Begin PBXSourcesBuildPhase section */
		B596F20920ECB48100DC28EE /* Sources */ = {
			isa = PBXSourcesBuildPhase;
			buildActionMask = 2147483647;
			files = (
				B596F29120ECB4FD00DC28EE /* AppDelegate.m in Sources */,
				B596F22020ECB48C00DC28EE /* main.m in Sources */,
				B596F29220ECB4FD00DC28EE /* GKBaseViewController.m in Sources */,
				B52A185F20EF5A5800D23F84 /* SBPauseOrPlayView.m in Sources */,
				B52A185820EF5A5800D23F84 /* UIScrollView+GKGestureHandle.m in Sources */,
				B52A185520EF5A5800D23F84 /* GKPhotoView.m in Sources */,
				B596F29420ECB4FD00DC28EE /* GKTest01ViewCell.m in Sources */,
				B52A186120EF5A5800D23F84 /* SZSlider.m in Sources */,
				B596F29520ECB4FD00DC28EE /* GKTest01ViewController.m in Sources */,
				B52A185120EF5A5800D23F84 /* GKLoadingView.m in Sources */,
				B52A185220EF5A5800D23F84 /* GKPhoto.m in Sources */,
				B52A185620EF5A5800D23F84 /* GKWebImageManager.m in Sources */,
				B52A186020EF5A5800D23F84 /* SBPlayer.m in Sources */,
				B596F29620ECB4FD00DC28EE /* UIView+GKFrame.m in Sources */,
				B52A185720EF5A5800D23F84 /* SZScrollView.m in Sources */,
				B596F29320ECB4FD00DC28EE /* GKMainViewController.m in Sources */,
				B52A185E20EF5A5800D23F84 /* SBControlView.m in Sources */,
				B52A185420EF5A5800D23F84 /* GKPhotoBrowser.m in Sources */,
			);
			runOnlyForDeploymentPostprocessing = 0;
		};
		B596F22120ECB48C00DC28EE /* Sources */ = {
			isa = PBXSourcesBuildPhase;
			buildActionMask = 2147483647;
			files = (
				B596F22A20ECB48C00DC28EE /* SZPhotoVideoBrowserDemoTests.m in Sources */,
			);
			runOnlyForDeploymentPostprocessing = 0;
		};
		B596F22C20ECB48C00DC28EE /* Sources */ = {
			isa = PBXSourcesBuildPhase;
			buildActionMask = 2147483647;
			files = (
				B596F23520ECB48C00DC28EE /* SZPhotoVideoBrowserDemoUITests.m in Sources */,
			);
			runOnlyForDeploymentPostprocessing = 0;
		};
/* End PBXSourcesBuildPhase section */

/* Begin PBXTargetDependency section */
		B596F22720ECB48C00DC28EE /* PBXTargetDependency */ = {
			isa = PBXTargetDependency;
			target = B596F20C20ECB48100DC28EE /* SZPhotoVideoBrowserDemo */;
			targetProxy = B596F22620ECB48C00DC28EE /* PBXContainerItemProxy */;
		};
		B596F23220ECB48C00DC28EE /* PBXTargetDependency */ = {
			isa = PBXTargetDependency;
			target = B596F20C20ECB48100DC28EE /* SZPhotoVideoBrowserDemo */;
			targetProxy = B596F23120ECB48C00DC28EE /* PBXContainerItemProxy */;
		};
/* End PBXTargetDependency section */

/* Begin PBXVariantGroup section */
		B596F21B20ECB48C00DC28EE /* LaunchScreen.storyboard */ = {
			isa = PBXVariantGroup;
			children = (
				B596F21C20ECB48C00DC28EE /* Base */,
			);
			name = LaunchScreen.storyboard;
			sourceTree = "<group>";
		};
/* End PBXVariantGroup section */

/* Begin XCBuildConfiguration section */
		B596F23720ECB48C00DC28EE /* Debug */ = {
			isa = XCBuildConfiguration;
			buildSettings = {
				ALWAYS_SEARCH_USER_PATHS = NO;
				CLANG_ANALYZER_NONNULL = YES;
				CLANG_ANALYZER_NUMBER_OBJECT_CONVERSION = YES_AGGRESSIVE;
				CLANG_CXX_LANGUAGE_STANDARD = "gnu++14";
				CLANG_CXX_LIBRARY = "libc++";
				CLANG_ENABLE_MODULES = YES;
				CLANG_ENABLE_OBJC_ARC = YES;
				CLANG_ENABLE_OBJC_WEAK = YES;
				CLANG_WARN_BLOCK_CAPTURE_AUTORELEASING = YES;
				CLANG_WARN_BOOL_CONVERSION = YES;
				CLANG_WARN_COMMA = YES;
				CLANG_WARN_CONSTANT_CONVERSION = YES;
				CLANG_WARN_DEPRECATED_OBJC_IMPLEMENTATIONS = YES;
				CLANG_WARN_DIRECT_OBJC_ISA_USAGE = YES_ERROR;
				CLANG_WARN_DOCUMENTATION_COMMENTS = YES;
				CLANG_WARN_EMPTY_BODY = YES;
				CLANG_WARN_ENUM_CONVERSION = YES;
				CLANG_WARN_INFINITE_RECURSION = YES;
				CLANG_WARN_INT_CONVERSION = YES;
				CLANG_WARN_NON_LITERAL_NULL_CONVERSION = YES;
				CLANG_WARN_OBJC_IMPLICIT_RETAIN_SELF = YES;
				CLANG_WARN_OBJC_LITERAL_CONVERSION = YES;
				CLANG_WARN_OBJC_ROOT_CLASS = YES_ERROR;
				CLANG_WARN_RANGE_LOOP_ANALYSIS = YES;
				CLANG_WARN_STRICT_PROTOTYPES = YES;
				CLANG_WARN_SUSPICIOUS_MOVE = YES;
				CLANG_WARN_UNGUARDED_AVAILABILITY = YES_AGGRESSIVE;
				CLANG_WARN_UNREACHABLE_CODE = YES;
				CLANG_WARN__DUPLICATE_METHOD_MATCH = YES;
				CODE_SIGN_IDENTITY = "iPhone Developer";
				COPY_PHASE_STRIP = NO;
				DEBUG_INFORMATION_FORMAT = dwarf;
				ENABLE_STRICT_OBJC_MSGSEND = YES;
				ENABLE_TESTABILITY = YES;
				GCC_C_LANGUAGE_STANDARD = gnu11;
				GCC_DYNAMIC_NO_PIC = NO;
				GCC_NO_COMMON_BLOCKS = YES;
				GCC_OPTIMIZATION_LEVEL = 0;
				GCC_PREPROCESSOR_DEFINITIONS = (
					"DEBUG=1",
					"$(inherited)",
				);
				GCC_WARN_64_TO_32_BIT_CONVERSION = YES;
				GCC_WARN_ABOUT_RETURN_TYPE = YES_ERROR;
				GCC_WARN_UNDECLARED_SELECTOR = YES;
				GCC_WARN_UNINITIALIZED_AUTOS = YES_AGGRESSIVE;
				GCC_WARN_UNUSED_FUNCTION = YES;
				GCC_WARN_UNUSED_VARIABLE = YES;
				IPHONEOS_DEPLOYMENT_TARGET = 11.3;
				MTL_ENABLE_DEBUG_INFO = YES;
				ONLY_ACTIVE_ARCH = YES;
				SDKROOT = iphoneos;
			};
			name = Debug;
		};
		B596F23820ECB48C00DC28EE /* Release */ = {
			isa = XCBuildConfiguration;
			buildSettings = {
				ALWAYS_SEARCH_USER_PATHS = NO;
				CLANG_ANALYZER_NONNULL = YES;
				CLANG_ANALYZER_NUMBER_OBJECT_CONVERSION = YES_AGGRESSIVE;
				CLANG_CXX_LANGUAGE_STANDARD = "gnu++14";
				CLANG_CXX_LIBRARY = "libc++";
				CLANG_ENABLE_MODULES = YES;
				CLANG_ENABLE_OBJC_ARC = YES;
				CLANG_ENABLE_OBJC_WEAK = YES;
				CLANG_WARN_BLOCK_CAPTURE_AUTORELEASING = YES;
				CLANG_WARN_BOOL_CONVERSION = YES;
				CLANG_WARN_COMMA = YES;
				CLANG_WARN_CONSTANT_CONVERSION = YES;
				CLANG_WARN_DEPRECATED_OBJC_IMPLEMENTATIONS = YES;
				CLANG_WARN_DIRECT_OBJC_ISA_USAGE = YES_ERROR;
				CLANG_WARN_DOCUMENTATION_COMMENTS = YES;
				CLANG_WARN_EMPTY_BODY = YES;
				CLANG_WARN_ENUM_CONVERSION = YES;
				CLANG_WARN_INFINITE_RECURSION = YES;
				CLANG_WARN_INT_CONVERSION = YES;
				CLANG_WARN_NON_LITERAL_NULL_CONVERSION = YES;
				CLANG_WARN_OBJC_IMPLICIT_RETAIN_SELF = YES;
				CLANG_WARN_OBJC_LITERAL_CONVERSION = YES;
				CLANG_WARN_OBJC_ROOT_CLASS = YES_ERROR;
				CLANG_WARN_RANGE_LOOP_ANALYSIS = YES;
				CLANG_WARN_STRICT_PROTOTYPES = YES;
				CLANG_WARN_SUSPICIOUS_MOVE = YES;
				CLANG_WARN_UNGUARDED_AVAILABILITY = YES_AGGRESSIVE;
				CLANG_WARN_UNREACHABLE_CODE = YES;
				CLANG_WARN__DUPLICATE_METHOD_MATCH = YES;
				CODE_SIGN_IDENTITY = "iPhone Developer";
				COPY_PHASE_STRIP = NO;
				DEBUG_INFORMATION_FORMAT = "dwarf-with-dsym";
				ENABLE_NS_ASSERTIONS = NO;
				ENABLE_STRICT_OBJC_MSGSEND = YES;
				GCC_C_LANGUAGE_STANDARD = gnu11;
				GCC_NO_COMMON_BLOCKS = YES;
				GCC_WARN_64_TO_32_BIT_CONVERSION = YES;
				GCC_WARN_ABOUT_RETURN_TYPE = YES_ERROR;
				GCC_WARN_UNDECLARED_SELECTOR = YES;
				GCC_WARN_UNINITIALIZED_AUTOS = YES_AGGRESSIVE;
				GCC_WARN_UNUSED_FUNCTION = YES;
				GCC_WARN_UNUSED_VARIABLE = YES;
				IPHONEOS_DEPLOYMENT_TARGET = 11.3;
				MTL_ENABLE_DEBUG_INFO = NO;
				SDKROOT = iphoneos;
				VALIDATE_PRODUCT = YES;
			};
			name = Release;
		};
		B596F23A20ECB48C00DC28EE /* Debug */ = {
			isa = XCBuildConfiguration;
			baseConfigurationReference = C52D1E4315827C2936B11915 /* Pods-SZPhotoVideoBrowserDemo.debug.xcconfig */;
			buildSettings = {
				ASSETCATALOG_COMPILER_APPICON_NAME = AppIcon;
				CODE_SIGN_STYLE = Automatic;
				DEVELOPMENT_TEAM = F7B837RTMK;
				GCC_PREFIX_HEADER = "$(SRCROOT)/SZPhotoVideoBrowserDemo/PrefixHeader.pch";
				INFOPLIST_FILE = SZPhotoVideoBrowserDemo/Info.plist;
				IPHONEOS_DEPLOYMENT_TARGET = 9.0;
				LD_RUNPATH_SEARCH_PATHS = (
					"$(inherited)",
					"@executable_path/Frameworks",
				);
				PRODUCT_BUNDLE_IDENTIFIER = sz.SZPhotoVideoBrowserDemo;
				PRODUCT_NAME = "$(TARGET_NAME)";
				TARGETED_DEVICE_FAMILY = "1,2";
			};
			name = Debug;
		};
		B596F23B20ECB48C00DC28EE /* Release */ = {
			isa = XCBuildConfiguration;
			baseConfigurationReference = 123F66A0B23BF87B9A9D1285 /* Pods-SZPhotoVideoBrowserDemo.release.xcconfig */;
			buildSettings = {
				ASSETCATALOG_COMPILER_APPICON_NAME = AppIcon;
				CODE_SIGN_STYLE = Automatic;
				DEVELOPMENT_TEAM = F7B837RTMK;
				GCC_PREFIX_HEADER = "$(SRCROOT)/SZPhotoVideoBrowserDemo/PrefixHeader.pch";
				INFOPLIST_FILE = SZPhotoVideoBrowserDemo/Info.plist;
				IPHONEOS_DEPLOYMENT_TARGET = 9.0;
				LD_RUNPATH_SEARCH_PATHS = (
					"$(inherited)",
					"@executable_path/Frameworks",
				);
				PRODUCT_BUNDLE_IDENTIFIER = sz.SZPhotoVideoBrowserDemo;
				PRODUCT_NAME = "$(TARGET_NAME)";
				TARGETED_DEVICE_FAMILY = "1,2";
			};
			name = Release;
		};
		B596F23D20ECB48C00DC28EE /* Debug */ = {
			isa = XCBuildConfiguration;
			buildSettings = {
				BUNDLE_LOADER = "$(TEST_HOST)";
				CODE_SIGN_STYLE = Automatic;
				INFOPLIST_FILE = SZPhotoVideoBrowserDemoTests/Info.plist;
				LD_RUNPATH_SEARCH_PATHS = (
					"$(inherited)",
					"@executable_path/Frameworks",
					"@loader_path/Frameworks",
				);
				PRODUCT_BUNDLE_IDENTIFIER = sz.SZPhotoVideoBrowserDemoTests;
				PRODUCT_NAME = "$(TARGET_NAME)";
				TARGETED_DEVICE_FAMILY = "1,2";
				TEST_HOST = "$(BUILT_PRODUCTS_DIR)/SZPhotoVideoBrowserDemo.app/SZPhotoVideoBrowserDemo";
			};
			name = Debug;
		};
		B596F23E20ECB48C00DC28EE /* Release */ = {
			isa = XCBuildConfiguration;
			buildSettings = {
				BUNDLE_LOADER = "$(TEST_HOST)";
				CODE_SIGN_STYLE = Automatic;
				INFOPLIST_FILE = SZPhotoVideoBrowserDemoTests/Info.plist;
				LD_RUNPATH_SEARCH_PATHS = (
					"$(inherited)",
					"@executable_path/Frameworks",
					"@loader_path/Frameworks",
				);
				PRODUCT_BUNDLE_IDENTIFIER = sz.SZPhotoVideoBrowserDemoTests;
				PRODUCT_NAME = "$(TARGET_NAME)";
				TARGETED_DEVICE_FAMILY = "1,2";
				TEST_HOST = "$(BUILT_PRODUCTS_DIR)/SZPhotoVideoBrowserDemo.app/SZPhotoVideoBrowserDemo";
			};
			name = Release;
		};
		B596F24020ECB48C00DC28EE /* Debug */ = {
			isa = XCBuildConfiguration;
			buildSettings = {
				CODE_SIGN_STYLE = Automatic;
				INFOPLIST_FILE = SZPhotoVideoBrowserDemoUITests/Info.plist;
				LD_RUNPATH_SEARCH_PATHS = (
					"$(inherited)",
					"@executable_path/Frameworks",
					"@loader_path/Frameworks",
				);
				PRODUCT_BUNDLE_IDENTIFIER = sz.SZPhotoVideoBrowserDemoUITests;
				PRODUCT_NAME = "$(TARGET_NAME)";
				TARGETED_DEVICE_FAMILY = "1,2";
				TEST_TARGET_NAME = SZPhotoVideoBrowserDemo;
			};
			name = Debug;
		};
		B596F24120ECB48C00DC28EE /* Release */ = {
			isa = XCBuildConfiguration;
			buildSettings = {
				CODE_SIGN_STYLE = Automatic;
				INFOPLIST_FILE = SZPhotoVideoBrowserDemoUITests/Info.plist;
				LD_RUNPATH_SEARCH_PATHS = (
					"$(inherited)",
					"@executable_path/Frameworks",
					"@loader_path/Frameworks",
				);
				PRODUCT_BUNDLE_IDENTIFIER = sz.SZPhotoVideoBrowserDemoUITests;
				PRODUCT_NAME = "$(TARGET_NAME)";
				TARGETED_DEVICE_FAMILY = "1,2";
				TEST_TARGET_NAME = SZPhotoVideoBrowserDemo;
			};
			name = Release;
		};
/* End XCBuildConfiguration section */

/* Begin XCConfigurationList section */
		B596F20820ECB48100DC28EE /* Build configuration list for PBXProject "SZPhotoVideoBrowserDemo" */ = {
			isa = XCConfigurationList;
			buildConfigurations = (
				B596F23720ECB48C00DC28EE /* Debug */,
				B596F23820ECB48C00DC28EE /* Release */,
			);
			defaultConfigurationIsVisible = 0;
			defaultConfigurationName = Release;
		};
		B596F23920ECB48C00DC28EE /* Build configuration list for PBXNativeTarget "SZPhotoVideoBrowserDemo" */ = {
			isa = XCConfigurationList;
			buildConfigurations = (
				B596F23A20ECB48C00DC28EE /* Debug */,
				B596F23B20ECB48C00DC28EE /* Release */,
			);
			defaultConfigurationIsVisible = 0;
			defaultConfigurationName = Release;
		};
		B596F23C20ECB48C00DC28EE /* Build configuration list for PBXNativeTarget "SZPhotoVideoBrowserDemoTests" */ = {
			isa = XCConfigurationList;
			buildConfigurations = (
				B596F23D20ECB48C00DC28EE /* Debug */,
				B596F23E20ECB48C00DC28EE /* Release */,
			);
			defaultConfigurationIsVisible = 0;
			defaultConfigurationName = Release;
		};
		B596F23F20ECB48C00DC28EE /* Build configuration list for PBXNativeTarget "SZPhotoVideoBrowserDemoUITests" */ = {
			isa = XCConfigurationList;
			buildConfigurations = (
				B596F24020ECB48C00DC28EE /* Debug */,
				B596F24120ECB48C00DC28EE /* Release */,
			);
			defaultConfigurationIsVisible = 0;
			defaultConfigurationName = Release;
		};
/* End XCConfigurationList section */
	};
	rootObject = B596F20520ECB48100DC28EE /* Project object */;
}
